{
  "lockfile_version": "1",
  "packages": {
    "cargo-make@latest": {
      "last_modified": "2026-05-21T08:15:18Z",
      "resolved": "github:NixOS/nixpkgs/4a29d733e8a7d5b824c3d8c958a946a9867b3eb2#cargo-make",
      "source": "devbox-search",
      "version": "0.37.24",
      "systems": {
        "aarch64-darwin": {
          "outputs": [
            {
              "name": "out",
              "path": "/nix/store/p7zgl6vldkwmw1vg0wbfllrl7qmnf8ql-cargo-make-0.37.24",
              "default": true
            }
          ],
          "store_path": "/nix/store/p7zgl6vldkwmw1vg0wbfllrl7qmnf8ql-cargo-make-0.37.24"
        },
        "aarch64-linux": {
          "outputs": [
            {
              "name": "out",
              "path": "/nix/store/y24fxsnb86i43x7m5g3g1ab4akqiac84-cargo-make-0.37.24",
              "default": true
            }
          ],
          "store_path": "/nix/store/y24fxsnb86i43x7m5g3g1ab4akqiac84-cargo-make-0.37.24"
        },
        "x86_64-darwin": {
          "outputs": [
            {
              "name": "out",
              "path": "/nix/store/r6gkprv3bqcq6cpab787k14wgri9sbvk-cargo-make-0.37.24",
              "default": true
            }
          ],
          "store_path": "/nix/store/r6gkprv3bqcq6cpab787k14wgri9sbvk-cargo-make-0.37.24"
        },
        "x86_64-linux": {
          "outputs": [
            {
              "name": "out",
              "path": "/nix/store/f9s9zrw0vjf2zd43dq52ws4wrksdcnxg-cargo-make-0.37.24",
              "default": true
            }
          ],
          "store_path": "/nix/store/f9s9zrw0vjf2zd43dq52ws4wrksdcnxg-cargo-make-0.37.24"
        }
      }
    },
    "committed@1.1.11": {
      "last_modified": "2026-05-21T08:15:18Z",
      "resolved": "github:NixOS/nixpkgs/4a29d733e8a7d5b824c3d8c958a946a9867b3eb2#committed",
      "source": "devbox-search",
      "version": "1.1.11",
      "systems": {
        "aarch64-darwin": {
          "outputs": [
            {
              "name": "out",
              "path": "/nix/store/h7wkmabzmaa2hgjapxr4kclcfp8i1lbg-committed-1.1.11",
              "default": true
            }
          ],
          "store_path": "/nix/store/h7wkmabzmaa2hgjapxr4kclcfp8i1lbg-committed-1.1.11"
        },
        "aarch64-linux": {
          "outputs": [
            {
              "name": "out",
              "path": "/nix/store/czc911vdlz165p5gbl6v2bl99a3v65sj-committed-1.1.11",
              "default": true
            }
          ],
          "store_path": "/nix/store/czc911vdlz165p5gbl6v2bl99a3v65sj-committed-1.1.11"
        },
        "x86_64-darwin": {
          "outputs": [
            {
              "name": "out",
              "path": "/nix/store/i814i10gb71fv20bd7n49r1pxjqnihyk-committed-1.1.11",
              "default": true
            }
          ],
          "store_path": "/nix/store/i814i10gb71fv20bd7n49r1pxjqnihyk-committed-1.1.11"
        },
        "x86_64-linux": {
          "outputs": [
            {
              "name": "out",
              "path": "/nix/store/0jhyqp9xdli7r68n401fcgyqhcf24dxw-committed-1.1.11",
              "default": true
            }
          ],
          "store_path": "/nix/store/0jhyqp9xdli7r68n401fcgyqhcf24dxw-committed-1.1.11"
        }
      }
    },
    "github:NixOS/nixpkgs/nixpkgs-unstable": {
      "last_modified": "2026-08-18T11:35:56Z",
      "resolved": "github:NixOS/nixpkgs/b47ad65d73ab65ded9ab408fe558866d71defee8?lastModified=1787052956&narHash=sha256-fZt7Au28AduGpt7vRfIOcpsHKJ%2B9cEnuQ2NdWuh0KVc%3D"
    },
    "jq@1.8.2": {
      "last_modified": "2026-07-23T13:11:22Z",
      "resolved": "github:NixOS/nixpkgs/6d12004108e0e4a5cfa4bd83b14477f040b15773#jq",
      "source": "devbox-search",
      "version": "1.8.2",
      "systems": {
        "aarch64-darwin": {
          "outputs": [
            {
              "name": "bin",
              "path": "/nix/store/1fi2mymhcrnjf4cz0z69plamcdqfnary-jq-1.8.2-bin",
              "default": true
            },
            {
              "name": "man",
              "path": "/nix/store/yl5bdw2pcn90ldqq7r3siwv9wbbkwd8v-jq-1.8.2-man",
              "default": true
            },
            {
              "name": "dev",
              "path": "/nix/store/i8qqb6bphlk58b71077fmadwbq15f1fx-jq-1.8.2-dev"
            },
            {
              "name": "doc",
              "path": "/nix/store/g2j9dyv54j9cdil6ixmwhcmk9p1hs4p4-jq-1.8.2-doc"
            },
            {
              "name": "out",
              "path": "/nix/store/swk3im3b74m5mq3fz70liv0a41gq5bg9-jq-1.8.2"
            }
          ],
          "store_path": "/nix/store/1fi2mymhcrnjf4cz0z69plamcdqfnary-jq-1.8.2-bin"
        },
        "aarch64-linux": {
          "outputs": [
            {
              "name": "bin",
              "path": "/nix/store/l18as28b4wwqds62yqci9l8xhhdhf78l-jq-1.8.2-bin",
              "default": true
            },
            {
              "name": "man",
              "path": "/nix/store/d4213dzz6zg89ga8dbnia2hjbzdcrdfh-jq-1.8.2-man",
              "default": true
            },
            {
              "name": "dev",
              "path": "/nix/store/n82y4hrj0kzw66q0c630r72a2vkf21p8-jq-1.8.2-dev"
            },
            {
              "name": "doc",
              "path": "/nix/store/5dq5m09dlqhm2nxaxqqmffdhzy7sp809-jq-1.8.2-doc"
            },
            {
              "name": "out",
              "path": "/nix/store/97hmn17vbpx0l0wbi4jc6hwr3pyy2zz3-jq-1.8.2"
            }
          ],
          "store_path": "/nix/store/l18as28b4wwqds62yqci9l8xhhdhf78l-jq-1.8.2-bin"
        },
        "x86_64-linux": {
          "outputs": [
            {
              "name": "bin",
              "path": "/nix/store/qqd37kj25f68wxmr9rg05850y9daxbrp-jq-1.8.2-bin",
              "default": true
            },
            {
              "name": "man",
              "path": "/nix/store/9bgnz6r8fb7kk09dzz94wf13lkz2rbbq-jq-1.8.2-man",
              "default": true
            },
            {
              "name": "dev",
              "path": "/nix/store/k39ljkrhbwjb1mahd45zk2w4x34d1345-jq-1.8.2-dev"
            },
            {
              "name": "doc",
              "path": "/nix/store/gygm29lm9w8c392lrk5a94izcghnk0n4-jq-1.8.2-doc"
            },
            {
              "name": "out",
              "path": "/nix/store/s75d4pw16pipr7xqczdw3mg5950cr8mk-jq-1.8.2"
            }
          ],
          "store_path": "/nix/store/qqd37kj25f68wxmr9rg05850y9daxbrp-jq-1.8.2-bin"
        }
      }
    },
    "libiconv@latest": {
      "last_modified": "2026-05-21T08:15:18Z",
      "resolved": "github:NixOS/nixpkgs/4a29d733e8a7d5b824c3d8c958a946a9867b3eb2#libiconv",
      "source": "devbox-search",
      "version": "2.42",
      "systems": {
        "aarch64-linux": {
          "outputs": [
            {
              "name": "out",
              "path": "/nix/store/1rqqh7kn5mj9yyrdyl0irpx0jvvi1pda-glibc-iconv-2.42",
              "default": true
            }
          ],
          "store_path": "/nix/store/1rqqh7kn5mj9yyrdyl0irpx0jvvi1pda-glibc-iconv-2.42"
        },
        "x86_64-linux": {
          "outputs": [
            {
              "name": "out",
              "path": "/nix/store/lmhbvfwrg837bkq46ild4rngand4mhn5-glibc-iconv-2.42",
              "default": true
            }
          ],
          "store_path": "/nix/store/lmhbvfwrg837bkq46ild4rngand4mhn5-glibc-iconv-2.42"
        }
      }
    },
    "rustup@latest": {
      "last_modified": "2026-05-21T08:15:18Z",
      "plugin_version": "0.0.1",
      "resolved": "github:NixOS/nixpkgs/4a29d733e8a7d5b824c3d8c958a946a9867b3eb2#rustup",
      "source": "devbox-search",
      "version": "1.29.0",
      "systems": {
        "aarch64-darwin": {
          "outputs": [
            {
              "name": "out",
              "path": "/nix/store/nl70ay30nl2szm2g03xa0d7ai69dgbln-rustup-1.29.0",
              "default": true
            }
          ],
          "store_path": "/nix/store/nl70ay30nl2szm2g03xa0d7ai69dgbln-rustup-1.29.0"
        },
        "aarch64-linux": {
          "outputs": [
            {
              "name": "out",
              "path": "/nix/store/684175m8xqfisacqw9rdc97fn2vpp0fj-rustup-1.29.0",
              "default": true
            }
          ],
          "store_path": "/nix/store/684175m8xqfisacqw9rdc97fn2vpp0fj-rustup-1.29.0"
        },
        "x86_64-darwin": {
          "outputs": [
            {
              "name": "out",
              "path": "/nix/store/4hqncs7jnqc64z49r1w09b235074li9q-rustup-1.29.0",
              "default": true
            }
          ],
          "store_path": "/nix/store/4hqncs7jnqc64z49r1w09b235074li9q-rustup-1.29.0"
        },
        "x86_64-linux": {
          "outputs": [
            {
              "name": "out",
              "path": "/nix/store/dpqx1vygrisrvnnwgym1226x317vqp4a-rustup-1.29.0",
              "default": true
            }
          ],
          "store_path": "/nix/store/dpqx1vygrisrvnnwgym1226x317vqp4a-rustup-1.29.0"
        }
      }
    }
  }
}
